
Microsoft Visual Studio Solution File, Format Version 12.00
# Visual Studio Version 17
VisualStudioVersion = 17.14.36327.8 d17.14
MinimumVisualStudioVersion = 10.0.40219.1
Project("{FAE04EC0-301F-11D3-BF4B-00C04F79EFBC}") = "GitHubSecurity", "GitHubSecurity\GitHubSecurity.csproj", "{1DDB2EF3-0FFC-4E12-BC2E-65DA5677453D}"
EndProject
Global
	GlobalSection(SolutionConfigurationPlatforms) = preSolution
		Debug|Any CPU = Debug|Any CPU
		Release|Any CPU = Release|Any CPU
	EndGlobalSection
	GlobalSection(ProjectConfigurationPlatforms) = postSolution
		{1DDB2EF3-0FFC-4E12-BC2E-65DA5677453D}.Debug|Any CPU.ActiveCfg = Debug|Any CPU
		{1DDB2EF3-0FFC-4E12-BC2E-65DA5677453D}.Debug|Any CPU.Build.0 = Debug|Any CPU
		{1DDB2EF3-0FFC-4E12-BC2E-65DA5677453D}.Release|Any CPU.ActiveCfg = Release|Any CPU
		{1DDB2EF3-0FFC-4E12-BC2E-65DA5677453D}.Release|Any CPU.Build.0 = Release|Any CPU
	EndGlobalSection
	GlobalSection(SolutionProperties) = preSolution
		HideSolutionNode = FALSE
	EndGlobalSection
	GlobalSection(ExtensibilityGlobals) = postSolution
		SolutionGuid = {8782826C-9ECD-4356-ACAB-0070F49950D8}
	EndGlobalSection
EndGlobal
